
Microsoft Visual Studio Solution File, Format Version 12.00
# Visual Studio Version 16
VisualStudioVersion = 16.0.30517.126
MinimumVisualStudioVersion = 10.0.40219.1
Project("{2150E333-8FDC-42A3-9474-1A3956D46DE8}") = "Source", "Source", "{0D2F493C-BCBC-4FA7-8CF2-453F9423ED7F}"
EndProject
Project("{2150E333-8FDC-42A3-9474-1A3956D46DE8}") = "Run", "Run", "{E17AE7F2-61AA-4A04-B915-62DC802D0E56}"
EndProject
Project("{2150E333-8FDC-42A3-9474-1A3956D46DE8}") = "Tests", "Tests", "{80D7DF42-E772-40B2-AE27-8E74EC2BF81C}"
EndProject
Project("{9A19103F-16F7-4668-BE54-9A1E7A4F7556}") = "UnitTests", "Tests\UnitTests\UnitTests.csproj", "{0532E724-4A0E-415C-88E4-D87697322D0E}"
EndProject
Project("{2150E333-8FDC-42A3-9474-1A3956D46DE8}") = "Application", "Application", "{370A5D82-6693-433B-ACDB-3B01CE0DEC30}"
EndProject
Project("{2150E333-8FDC-42A3-9474-1A3956D46DE8}") = "Infrastructure", "Infrastructure", "{629B560A-73EA-4D29-9922-38ED8CDD680D}"
EndProject
Project("{9A19103F-16F7-4668-BE54-9A1E7A4F7556}") = "StarWarsCalculator", "Source\Run\KneatSoftware\StarWarsCalculator.csproj", "{002029AE-A4F5-484F-8377-419ED4A319F4}"
EndProject
Project("{2150E333-8FDC-42A3-9474-1A3956D46DE8}") = "Core", "Core", "{77FAECC4-040B-40C3-8340-E763496B728F}"
EndProject
Project("{9A19103F-16F7-4668-BE54-9A1E7A4F7556}") = "Application", "Source\Application\Application\Application.csproj", "{21DDE345-AF6F-4B0B-9420-65D95C3968DC}"
EndProject
Project("{9A19103F-16F7-4668-BE54-9A1E7A4F7556}") = "Core", "Source\Core\Core\Core.csproj", "{C5AF228F-8B32-436B-B8A6-C9DB4293DD45}"
EndProject
Project("{9A19103F-16F7-4668-BE54-9A1E7A4F7556}") = "Infrastructure", "Source\Infrastructure\Infrastructure\Infrastructure.csproj", "{E2FC2866-36EC-40D4-97A0-8F915B2F550C}"
EndProject
Project("{9A19103F-16F7-4668-BE54-9A1E7A4F7556}") = "Contracts", "Source\Core\Contracts\Contracts.csproj", "{DB788BBF-4FE0-466F-8FA2-5C14026FF567}"
EndProject
Project("{FAE04EC0-301F-11D3-BF4B-00C04F79EFBC}") = "IntegrationTests", "Tests\IntegrationTests\IntegrationTests.csproj", "{2A1C7D97-8FFB-4EA0-A98A-8BF9A34356FA}"
EndProject
Global
	GlobalSection(SolutionConfigurationPlatforms) = preSolution
		Debug|Any CPU = Debug|Any CPU
		Release|Any CPU = Release|Any CPU
	EndGlobalSection
	GlobalSection(ProjectConfigurationPlatforms) = postSolution
		{0532E724-4A0E-415C-88E4-D87697322D0E}.Debug|Any CPU.ActiveCfg = Debug|Any CPU
		{0532E724-4A0E-415C-88E4-D87697322D0E}.Debug|Any CPU.Build.0 = Debug|Any CPU
		{0532E724-4A0E-415C-88E4-D87697322D0E}.Release|Any CPU.ActiveCfg = Release|Any CPU
		{0532E724-4A0E-415C-88E4-D87697322D0E}.Release|Any CPU.Build.0 = Release|Any CPU
		{002029AE-A4F5-484F-8377-419ED4A319F4}.Debug|Any CPU.ActiveCfg = Debug|Any CPU
		{002029AE-A4F5-484F-8377-419ED4A319F4}.Debug|Any CPU.Build.0 = Debug|Any CPU
		{002029AE-A4F5-484F-8377-419ED4A319F4}.Release|Any CPU.ActiveCfg = Release|Any CPU
		{002029AE-A4F5-484F-8377-419ED4A319F4}.Release|Any CPU.Build.0 = Release|Any CPU
		{21DDE345-AF6F-4B0B-9420-65D95C3968DC}.Debug|Any CPU.ActiveCfg = Debug|Any CPU
		{21DDE345-AF6F-4B0B-9420-65D95C3968DC}.Debug|Any CPU.Build.0 = Debug|Any CPU
		{21DDE345-AF6F-4B0B-9420-65D95C3968DC}.Release|Any CPU.ActiveCfg = Release|Any CPU
		{21DDE345-AF6F-4B0B-9420-65D95C3968DC}.Release|Any CPU.Build.0 = Release|Any CPU
		{C5AF228F-8B32-436B-B8A6-C9DB4293DD45}.Debug|Any CPU.ActiveCfg = Debug|Any CPU
		{C5AF228F-8B32-436B-B8A6-C9DB4293DD45}.Debug|Any CPU.Build.0 = Debug|Any CPU
		{C5AF228F-8B32-436B-B8A6-C9DB4293DD45}.Release|Any CPU.ActiveCfg = Release|Any CPU
		{C5AF228F-8B32-436B-B8A6-C9DB4293DD45}.Release|Any CPU.Build.0 = Release|Any CPU
		{E2FC2866-36EC-40D4-97A0-8F915B2F550C}.Debug|Any CPU.ActiveCfg = Debug|Any CPU
		{E2FC2866-36EC-40D4-97A0-8F915B2F550C}.Debug|Any CPU.Build.0 = Debug|Any CPU
		{E2FC2866-36EC-40D4-97A0-8F915B2F550C}.Release|Any CPU.ActiveCfg = Release|Any CPU
		{E2FC2866-36EC-40D4-97A0-8F915B2F550C}.Release|Any CPU.Build.0 = Release|Any CPU
		{DB788BBF-4FE0-466F-8FA2-5C14026FF567}.Debug|Any CPU.ActiveCfg = Debug|Any CPU
		{DB788BBF-4FE0-466F-8FA2-5C14026FF567}.Debug|Any CPU.Build.0 = Debug|Any CPU
		{DB788BBF-4FE0-466F-8FA2-5C14026FF567}.Release|Any CPU.ActiveCfg = Release|Any CPU
		{DB788BBF-4FE0-466F-8FA2-5C14026FF567}.Release|Any CPU.Build.0 = Release|Any CPU
		{2A1C7D97-8FFB-4EA0-A98A-8BF9A34356FA}.Debug|Any CPU.ActiveCfg = Debug|Any CPU
		{2A1C7D97-8FFB-4EA0-A98A-8BF9A34356FA}.Debug|Any CPU.Build.0 = Debug|Any CPU
		{2A1C7D97-8FFB-4EA0-A98A-8BF9A34356FA}.Release|Any CPU.ActiveCfg = Release|Any CPU
		{2A1C7D97-8FFB-4EA0-A98A-8BF9A34356FA}.Release|Any CPU.Build.0 = Release|Any CPU
	EndGlobalSection
	GlobalSection(SolutionProperties) = preSolution
		HideSolutionNode = FALSE
	EndGlobalSection
	GlobalSection(NestedProjects) = preSolution
		{E17AE7F2-61AA-4A04-B915-62DC802D0E56} = {0D2F493C-BCBC-4FA7-8CF2-453F9423ED7F}
		{0532E724-4A0E-415C-88E4-D87697322D0E} = {80D7DF42-E772-40B2-AE27-8E74EC2BF81C}
		{370A5D82-6693-433B-ACDB-3B01CE0DEC30} = {0D2F493C-BCBC-4FA7-8CF2-453F9423ED7F}
		{629B560A-73EA-4D29-9922-38ED8CDD680D} = {0D2F493C-BCBC-4FA7-8CF2-453F9423ED7F}
		{002029AE-A4F5-484F-8377-419ED4A319F4} = {E17AE7F2-61AA-4A04-B915-62DC802D0E56}
		{77FAECC4-040B-40C3-8340-E763496B728F} = {0D2F493C-BCBC-4FA7-8CF2-453F9423ED7F}
		{21DDE345-AF6F-4B0B-9420-65D95C3968DC} = {370A5D82-6693-433B-ACDB-3B01CE0DEC30}
		{C5AF228F-8B32-436B-B8A6-C9DB4293DD45} = {77FAECC4-040B-40C3-8340-E763496B728F}
		{E2FC2866-36EC-40D4-97A0-8F915B2F550C} = {629B560A-73EA-4D29-9922-38ED8CDD680D}
		{DB788BBF-4FE0-466F-8FA2-5C14026FF567} = {77FAECC4-040B-40C3-8340-E763496B728F}
		{2A1C7D97-8FFB-4EA0-A98A-8BF9A34356FA} = {80D7DF42-E772-40B2-AE27-8E74EC2BF81C}
	EndGlobalSection
	GlobalSection(ExtensibilityGlobals) = postSolution
		SolutionGuid = {7AF16E1B-5500-49D0-8166-B9A0C59511A7}
	EndGlobalSection
EndGlobal
